
Microsoft Visual Studio Solution File, Format Version 12.00
# Visual Studio Version 17
VisualStudioVersion = 17.14.36429.23
MinimumVisualStudioVersion = 10.0.40219.1
Project("{2150E333-8FDC-42A3-9474-1A3956D46DE8}") = "Task0", "Task0", "{02EA681E-C7D8-13C7-8484-4AC65E1B71E8}"
EndProject
Project("{FAE04EC0-301F-11D3-BF4B-00C04F79EFBC}") = "Tiuiu.UsoltsevGP.Sprint3.Task0.V7", "Tiuiu.UsoltsevGP.Sprint3.Task0.V7\Tiuiu.UsoltsevGP.Sprint3.Task0.V7.csproj", "{29AF4C30-9689-4BA6-8118-555262DF3665}"
EndProject
Project("{FAE04EC0-301F-11D3-BF4B-00C04F79EFBC}") = "Tiuiu.UsoltsevGP.Sprint3.Task0.V7.Lib", "Tiuiu.UsoltsevGP.Sprint3.Task0.V7.Lib\Tiuiu.UsoltsevGP.Sprint3.Task0.V7.Lib.csproj", "{AA1FCC2B-A6A2-4AD4-94CF-0DFBD455DA92}"
EndProject
Project("{FAE04EC0-301F-11D3-BF4B-00C04F79EFBC}") = "Tiuiu.UsoltsevGP.Sprint3.Task0.V7.Test", "Tiuiu.UsoltsevGP.Sprint3.Task0.V7.Test\Tiuiu.UsoltsevGP.Sprint3.Task0.V7.Test.csproj", "{86CF5E15-9E6C-483E-AED9-BA610E2B0307}"
EndProject
Project("{2150E333-8FDC-42A3-9474-1A3956D46DE8}") = "Task1", "Task1", "{3B538999-A6A2-4460-9E41-D214C570458E}"
EndProject
Project("{FAE04EC0-301F-11D3-BF4B-00C04F79EFBC}") = "Tiuiu.UsoltsevGP.Sprint3.Task1.V24", "Tiuiu.UsoltsevGP.Sprint3.Task1.V24\Tiuiu.UsoltsevGP.Sprint3.Task1.V24.csproj", "{2B8CCBD4-BF62-466A-AA9F-C09B7F9077CA}"
EndProject
Project("{FAE04EC0-301F-11D3-BF4B-00C04F79EFBC}") = "Tiuiu.UsoltsevGP.Sprint3.Task1.V24.Lib", "Tiuiu.UsoltsevGP.Sprint3.Task1.V24.Lib\Tiuiu.UsoltsevGP.Sprint3.Task1.V24.Lib.csproj", "{6D91CED7-EC6C-4BFA-82EA-AE1BFEE07E9D}"
EndProject
Project("{FAE04EC0-301F-11D3-BF4B-00C04F79EFBC}") = "Tiuiu.UsoltsevGP.Sprint3.Task1.V24.Test", "Tiuiu.UsoltsevGP.Sprint3.Task1.V24.Test\Tiuiu.UsoltsevGP.Sprint3.Task1.V24.Test.csproj", "{028A77BC-8A35-4421-8461-CD04DF3D7E18}"
EndProject
Project("{2150E333-8FDC-42A3-9474-1A3956D46DE8}") = "Task2", "Task2", "{DD013C48-3B84-44B2-B221-DE716BF147D0}"
EndProject
Project("{FAE04EC0-301F-11D3-BF4B-00C04F79EFBC}") = "Tiuiu.UsoltsevGP.Sprint3.Task2.V29", "Tiuiu.UsoltsevGP.Sprint3.Task2.V29\Tiuiu.UsoltsevGP.Sprint3.Task2.V29.csproj", "{2426F878-CC7A-4561-8575-04BE32A11FD2}"
EndProject
Project("{FAE04EC0-301F-11D3-BF4B-00C04F79EFBC}") = "Tiuiu.UsoltsevGP.Sprint3.Task2.V29.Lib", "Tiuiu.UsoltsevGP.Sprint3.Task2.V29.Lib\Tiuiu.UsoltsevGP.Sprint3.Task2.V29.Lib.csproj", "{EF00CB6E-AF68-4426-82EF-C341587007A0}"
EndProject
Project("{FAE04EC0-301F-11D3-BF4B-00C04F79EFBC}") = "Tiuiu.UsoltsevGP.Sprint3.Task2.V29.Test", "Tiuiu.UsoltsevGP.Sprint3.Task2.V29.Test\Tiuiu.UsoltsevGP.Sprint3.Task2.V29.Test.csproj", "{D57B5ECC-0D95-42FA-B555-B7D43AA495A3}"
EndProject
Project("{2150E333-8FDC-42A3-9474-1A3956D46DE8}") = "Task3", "Task3", "{2A960658-F4B8-46ED-8BD0-C3C091745917}"
EndProject
Project("{FAE04EC0-301F-11D3-BF4B-00C04F79EFBC}") = "Tiuiu.UsoltsevGP.Sprint3.Task3.V19", "Tiuiu.UsoltsevGP.Sprint3.Task3.V19\Tiuiu.UsoltsevGP.Sprint3.Task3.V19.csproj", "{7E623386-AC7A-44D5-B0C3-90005BD4A8F9}"
EndProject
Project("{FAE04EC0-301F-11D3-BF4B-00C04F79EFBC}") = "Tiuiu.UsoltsevGP.Sprint3.Task3.V19.Lib", "Tiuiu.UsoltsevGP.Sprint3.Task3.V19.Lib\Tiuiu.UsoltsevGP.Sprint3.Task3.V19.Lib.csproj", "{13EFC43C-D7CE-460A-8426-F70E01D1D1E7}"
EndProject
Project("{FAE04EC0-301F-11D3-BF4B-00C04F79EFBC}") = "Tiuiu.UsoltsevGP.Sprint3.Task3.V19.Test", "Tiuiu.UsoltsevGP.Sprint3.Task3.V19.Test\Tiuiu.UsoltsevGP.Sprint3.Task3.V19.Test.csproj", "{4A7571E6-939A-4447-B887-B08D41074C82}"
EndProject
Project("{2150E333-8FDC-42A3-9474-1A3956D46DE8}") = "Task4", "Task4", "{59007EAC-97CD-4BA1-8F24-ED5D21614033}"
EndProject
Project("{FAE04EC0-301F-11D3-BF4B-00C04F79EFBC}") = "Tiuiu.UsoltsevGP.Sprint3.Task4.V12", "Tiuiu.UsoltsevGP.Sprint3.Task4.V12\Tiuiu.UsoltsevGP.Sprint3.Task4.V12.csproj", "{CEC6C4B1-6F09-46DD-9C33-C2B9F2BFB33A}"
EndProject
Project("{FAE04EC0-301F-11D3-BF4B-00C04F79EFBC}") = "Tiuiu.UsoltsevGP.Sprint3.Task4.V12.Lib", "Tiuiu.UsoltsevGP.Sprint3.Task4.V12.Lib\Tiuiu.UsoltsevGP.Sprint3.Task4.V12.Lib.csproj", "{B0CB49E5-BA4C-49D5-BB95-E09CE91DC4CB}"
EndProject
Project("{FAE04EC0-301F-11D3-BF4B-00C04F79EFBC}") = "Tiuiu.UsoltsevGP.Sprint3.Task4.V12.Test", "Tiuiu.UsoltsevGP.Sprint3.Task4.V12.Test\Tiuiu.UsoltsevGP.Sprint3.Task4.V12.Test.csproj", "{9F41A362-ADEA-4BFD-8BFF-BBBE9C0F00D1}"
EndProject
Project("{2150E333-8FDC-42A3-9474-1A3956D46DE8}") = "Task5", "Task5", "{5E566EBF-A427-4777-898D-E860324CEB6C}"
EndProject
Project("{FAE04EC0-301F-11D3-BF4B-00C04F79EFBC}") = "Tiuiu.UsoltsevGP.Sprint3.Task5.V29", "Tiuiu.UsoltsevGP.Sprint3.Task5.V29\Tiuiu.UsoltsevGP.Sprint3.Task5.V29.csproj", "{6993127C-2934-4715-B740-7162F838C4B3}"
EndProject
Project("{FAE04EC0-301F-11D3-BF4B-00C04F79EFBC}") = "Tiuiu.UsoltsevGP.Sprint3.Task5.V29.Lib", "Tiuiu.UsoltsevGP.Sprint3.Task5.V29.Lib\Tiuiu.UsoltsevGP.Sprint3.Task5.V29.Lib.csproj", "{B2E71A90-E90F-4324-8B2D-70589F6F5692}"
EndProject
Project("{FAE04EC0-301F-11D3-BF4B-00C04F79EFBC}") = "Tiuiu.UsoltsevGP.Sprint3.Task5.V29.Test", "Tiuiu.UsoltsevGP.Sprint3.Task5.V29.Test\Tiuiu.UsoltsevGP.Sprint3.Task5.V29.Test.csproj", "{7884468E-CC0A-4377-A828-A5812CBF47F0}"
EndProject
Project("{2150E333-8FDC-42A3-9474-1A3956D46DE8}") = "Task6", "Task6", "{14F74AED-DCE6-47D6-880E-3D5F4B18D40B}"
EndProject
Project("{FAE04EC0-301F-11D3-BF4B-00C04F79EFBC}") = "Tiuiu.UsoltsevGP.Sprint3.Task6.V11", "Tiuiu.UsoltsevGP.Sprint3.Task6.V11\Tiuiu.UsoltsevGP.Sprint3.Task6.V11.csproj", "{35951D9E-B659-4827-A3F6-51CD8BD2B3B3}"
EndProject
Project("{FAE04EC0-301F-11D3-BF4B-00C04F79EFBC}") = "Tiuiu.UsoltsevGP.Sprint3.Task6.V11.Lib", "Tiuiu.UsoltsevGP.Sprint3.Task6.V11.Lib\Tiuiu.UsoltsevGP.Sprint3.Task6.V11.Lib.csproj", "{F5CCED08-0A04-4A02-9A98-D44DF05D0024}"
EndProject
Project("{FAE04EC0-301F-11D3-BF4B-00C04F79EFBC}") = "Tiuiu.UsoltsevGP.Sprint3.Task6.V11.Test", "Tiuiu.UsoltsevGP.Sprint3.Task6.V11.Test\Tiuiu.UsoltsevGP.Sprint3.Task6.V11.Test.csproj", "{BC74E045-F338-4098-AD3B-C7C98B9920D2}"
EndProject
Project("{2150E333-8FDC-42A3-9474-1A3956D46DE8}") = "Task7", "Task7", "{9C1A3D54-702B-455D-8FA8-C594688C5F6A}"
EndProject
Project("{FAE04EC0-301F-11D3-BF4B-00C04F79EFBC}") = "Tiuiu.UsoltsevGP.Sprint3.Task7.V4", "Tiuiu.UsoltsevGP.Sprint3.Task7.V4\Tiuiu.UsoltsevGP.Sprint3.Task7.V4.csproj", "{2CBC0045-0B42-48A1-89CB-4CE3D3F75ED3}"
EndProject
Project("{FAE04EC0-301F-11D3-BF4B-00C04F79EFBC}") = "Tiuiu.UsoltsevGP.Sprint3.Task7.V4.Lib", "Tiuiu.UsoltsevGP.Sprint3.Task7.V4.Lib\Tiuiu.UsoltsevGP.Sprint3.Task7.V4.Lib.csproj", "{EC399B60-75DD-4CA4-8019-FD5014672CB4}"
EndProject
Project("{FAE04EC0-301F-11D3-BF4B-00C04F79EFBC}") = "Tiuiu.UsoltsevGP.Sprint3.Task7.V4.Test", "Tiuiu.UsoltsevGP.Sprint3.Task7.V4.Test\Tiuiu.UsoltsevGP.Sprint3.Task7.V4.Test.csproj", "{3A94A62D-A083-4F83-88FB-2C7813E0C3C5}"
EndProject
Global
	GlobalSection(SolutionConfigurationPlatforms) = preSolution
		Debug|Any CPU = Debug|Any CPU
		Release|Any CPU = Release|Any CPU
	EndGlobalSection
	GlobalSection(ProjectConfigurationPlatforms) = postSolution
		{29AF4C30-9689-4BA6-8118-555262DF3665}.Debug|Any CPU.ActiveCfg = Debug|Any CPU
		{29AF4C30-9689-4BA6-8118-555262DF3665}.Debug|Any CPU.Build.0 = Debug|Any CPU
		{29AF4C30-9689-4BA6-8118-555262DF3665}.Release|Any CPU.ActiveCfg = Release|Any CPU
		{29AF4C30-9689-4BA6-8118-555262DF3665}.Release|Any CPU.Build.0 = Release|Any CPU
		{AA1FCC2B-A6A2-4AD4-94CF-0DFBD455DA92}.Debug|Any CPU.ActiveCfg = Debug|Any CPU
		{AA1FCC2B-A6A2-4AD4-94CF-0DFBD455DA92}.Debug|Any CPU.Build.0 = Debug|Any CPU
		{AA1FCC2B-A6A2-4AD4-94CF-0DFBD455DA92}.Release|Any CPU.ActiveCfg = Release|Any CPU
		{AA1FCC2B-A6A2-4AD4-94CF-0DFBD455DA92}.Release|Any CPU.Build.0 = Release|Any CPU
		{86CF5E15-9E6C-483E-AED9-BA610E2B0307}.Debug|Any CPU.ActiveCfg = Debug|Any CPU
		{86CF5E15-9E6C-483E-AED9-BA610E2B0307}.Debug|Any CPU.Build.0 = Debug|Any CPU
		{86CF5E15-9E6C-483E-AED9-BA610E2B0307}.Release|Any CPU.ActiveCfg = Release|Any CPU
		{86CF5E15-9E6C-483E-AED9-BA610E2B0307}.Release|Any CPU.Build.0 = Release|Any CPU
		{2B8CCBD4-BF62-466A-AA9F-C09B7F9077CA}.Debug|Any CPU.ActiveCfg = Debug|Any CPU
		{2B8CCBD4-BF62-466A-AA9F-C09B7F9077CA}.Debug|Any CPU.Build.0 = Debug|Any CPU
		{2B8CCBD4-BF62-466A-AA9F-C09B7F9077CA}.Release|Any CPU.ActiveCfg = Release|Any CPU
		{2B8CCBD4-BF62-466A-AA9F-C09B7F9077CA}.Release|Any CPU.Build.0 = Release|Any CPU
		{6D91CED7-EC6C-4BFA-82EA-AE1BFEE07E9D}.Debug|Any CPU.ActiveCfg = Debug|Any CPU
		{6D91CED7-EC6C-4BFA-82EA-AE1BFEE07E9D}.Debug|Any CPU.Build.0 = Debug|Any CPU
		{6D91CED7-EC6C-4BFA-82EA-AE1BFEE07E9D}.Release|Any CPU.ActiveCfg = Release|Any CPU
		{6D91CED7-EC6C-4BFA-82EA-AE1BFEE07E9D}.Release|Any CPU.Build.0 = Release|Any CPU
		{028A77BC-8A35-4421-8461-CD04DF3D7E18}.Debug|Any CPU.ActiveCfg = Debug|Any CPU
		{028A77BC-8A35-4421-8461-CD04DF3D7E18}.Debug|Any CPU.Build.0 = Debug|Any CPU
		{028A77BC-8A35-4421-8461-CD04DF3D7E18}.Release|Any CPU.ActiveCfg = Release|Any CPU
		{028A77BC-8A35-4421-8461-CD04DF3D7E18}.Release|Any CPU.Build.0 = Release|Any CPU
		{2426F878-CC7A-4561-8575-04BE32A11FD2}.Debug|Any CPU.ActiveCfg = Debug|Any CPU
		{2426F878-CC7A-4561-8575-04BE32A11FD2}.Debug|Any CPU.Build.0 = Debug|Any CPU
		{2426F878-CC7A-4561-8575-04BE32A11FD2}.Release|Any CPU.ActiveCfg = Release|Any CPU
		{2426F878-CC7A-4561-8575-04BE32A11FD2}.Release|Any CPU.Build.0 = Release|Any CPU
		{EF00CB6E-AF68-4426-82EF-C341587007A0}.Debug|Any CPU.ActiveCfg = Debug|Any CPU
		{EF00CB6E-AF68-4426-82EF-C341587007A0}.Debug|Any CPU.Build.0 = Debug|Any CPU
		{EF00CB6E-AF68-4426-82EF-C341587007A0}.Release|Any CPU.ActiveCfg = Release|Any CPU
		{EF00CB6E-AF68-4426-82EF-C341587007A0}.Release|Any CPU.Build.0 = Release|Any CPU
		{D57B5ECC-0D95-42FA-B555-B7D43AA495A3}.Debug|Any CPU.ActiveCfg = Debug|Any CPU
		{D57B5ECC-0D95-42FA-B555-B7D43AA495A3}.Debug|Any CPU.Build.0 = Debug|Any CPU
		{D57B5ECC-0D95-42FA-B555-B7D43AA495A3}.Release|Any CPU.ActiveCfg = Release|Any CPU
		{D57B5ECC-0D95-42FA-B555-B7D43AA495A3}.Release|Any CPU.Build.0 = Release|Any CPU
		{7E623386-AC7A-44D5-B0C3-90005BD4A8F9}.Debug|Any CPU.ActiveCfg = Debug|Any CPU
		{7E623386-AC7A-44D5-B0C3-90005BD4A8F9}.Debug|Any CPU.Build.0 = Debug|Any CPU
		{7E623386-AC7A-44D5-B0C3-90005BD4A8F9}.Release|Any CPU.ActiveCfg = Release|Any CPU
		{7E623386-AC7A-44D5-B0C3-90005BD4A8F9}.Release|Any CPU.Build.0 = Release|Any CPU
		{13EFC43C-D7CE-460A-8426-F70E01D1D1E7}.Debug|Any CPU.ActiveCfg = Debug|Any CPU
		{13EFC43C-D7CE-460A-8426-F70E01D1D1E7}.Debug|Any CPU.Build.0 = Debug|Any CPU
		{13EFC43C-D7CE-460A-8426-F70E01D1D1E7}.Release|Any CPU.ActiveCfg = Release|Any CPU
		{13EFC43C-D7CE-460A-8426-F70E01D1D1E7}.Release|Any CPU.Build.0 = Release|Any CPU
		{4A7571E6-939A-4447-B887-B08D41074C82}.Debug|Any CPU.ActiveCfg = Debug|Any CPU
		{4A7571E6-939A-4447-B887-B08D41074C82}.Debug|Any CPU.Build.0 = Debug|Any CPU
		{4A7571E6-939A-4447-B887-B08D41074C82}.Release|Any CPU.ActiveCfg = Release|Any CPU
		{4A7571E6-939A-4447-B887-B08D41074C82}.Release|Any CPU.Build.0 = Release|Any CPU
		{CEC6C4B1-6F09-46DD-9C33-C2B9F2BFB33A}.Debug|Any CPU.ActiveCfg = Debug|Any CPU
		{CEC6C4B1-6F09-46DD-9C33-C2B9F2BFB33A}.Debug|Any CPU.Build.0 = Debug|Any CPU
		{CEC6C4B1-6F09-46DD-9C33-C2B9F2BFB33A}.Release|Any CPU.ActiveCfg = Release|Any CPU
		{CEC6C4B1-6F09-46DD-9C33-C2B9F2BFB33A}.Release|Any CPU.Build.0 = Release|Any CPU
		{B0CB49E5-BA4C-49D5-BB95-E09CE91DC4CB}.Debug|Any CPU.ActiveCfg = Debug|Any CPU
		{B0CB49E5-BA4C-49D5-BB95-E09CE91DC4CB}.Debug|Any CPU.Build.0 = Debug|Any CPU
		{B0CB49E5-BA4C-49D5-BB95-E09CE91DC4CB}.Release|Any CPU.ActiveCfg = Release|Any CPU
		{B0CB49E5-BA4C-49D5-BB95-E09CE91DC4CB}.Release|Any CPU.Build.0 = Release|Any CPU
		{9F41A362-ADEA-4BFD-8BFF-BBBE9C0F00D1}.Debug|Any CPU.ActiveCfg = Debug|Any CPU
		{9F41A362-ADEA-4BFD-8BFF-BBBE9C0F00D1}.Debug|Any CPU.Build.0 = Debug|Any CPU
		{9F41A362-ADEA-4BFD-8BFF-BBBE9C0F00D1}.Release|Any CPU.ActiveCfg = Release|Any CPU
		{9F41A362-ADEA-4BFD-8BFF-BBBE9C0F00D1}.Release|Any CPU.Build.0 = Release|Any CPU
		{6993127C-2934-4715-B740-7162F838C4B3}.Debug|Any CPU.ActiveCfg = Debug|Any CPU
		{6993127C-2934-4715-B740-7162F838C4B3}.Debug|Any CPU.Build.0 = Debug|Any CPU
		{6993127C-2934-4715-B740-7162F838C4B3}.Release|Any CPU.ActiveCfg = Release|Any CPU
		{6993127C-2934-4715-B740-7162F838C4B3}.Release|Any CPU.Build.0 = Release|Any CPU
		{B2E71A90-E90F-4324-8B2D-70589F6F5692}.Debug|Any CPU.ActiveCfg = Debug|Any CPU
		{B2E71A90-E90F-4324-8B2D-70589F6F5692}.Debug|Any CPU.Build.0 = Debug|Any CPU
		{B2E71A90-E90F-4324-8B2D-70589F6F5692}.Release|Any CPU.ActiveCfg = Release|Any CPU
		{B2E71A90-E90F-4324-8B2D-70589F6F5692}.Release|Any CPU.Build.0 = Release|Any CPU
		{7884468E-CC0A-4377-A828-A5812CBF47F0}.Debug|Any CPU.ActiveCfg = Debug|Any CPU
		{7884468E-CC0A-4377-A828-A5812CBF47F0}.Debug|Any CPU.Build.0 = Debug|Any CPU
		{7884468E-CC0A-4377-A828-A5812CBF47F0}.Release|Any CPU.ActiveCfg = Release|Any CPU
		{7884468E-CC0A-4377-A828-A5812CBF47F0}.Release|Any CPU.Build.0 = Release|Any CPU
		{35951D9E-B659-4827-A3F6-51CD8BD2B3B3}.Debug|Any CPU.ActiveCfg = Debug|Any CPU
		{35951D9E-B659-4827-A3F6-51CD8BD2B3B3}.Debug|Any CPU.Build.0 = Debug|Any CPU
		{35951D9E-B659-4827-A3F6-51CD8BD2B3B3}.Release|Any CPU.ActiveCfg = Release|Any CPU
		{35951D9E-B659-4827-A3F6-51CD8BD2B3B3}.Release|Any CPU.Build.0 = Release|Any CPU
		{F5CCED08-0A04-4A02-9A98-D44DF05D0024}.Debug|Any CPU.ActiveCfg = Debug|Any CPU
		{F5CCED08-0A04-4A02-9A98-D44DF05D0024}.Debug|Any CPU.Build.0 = Debug|Any CPU
		{F5CCED08-0A04-4A02-9A98-D44DF05D0024}.Release|Any CPU.ActiveCfg = Release|Any CPU
		{F5CCED08-0A04-4A02-9A98-D44DF05D0024}.Release|Any CPU.Build.0 = Release|Any CPU
		{BC74E045-F338-4098-AD3B-C7C98B9920D2}.Debug|Any CPU.ActiveCfg = Debug|Any CPU
		{BC74E045-F338-4098-AD3B-C7C98B9920D2}.Debug|Any CPU.Build.0 = Debug|Any CPU
		{BC74E045-F338-4098-AD3B-C7C98B9920D2}.Release|Any CPU.ActiveCfg = Release|Any CPU
		{BC74E045-F338-4098-AD3B-C7C98B9920D2}.Release|Any CPU.Build.0 = Release|Any CPU
		{2CBC0045-0B42-48A1-89CB-4CE3D3F75ED3}.Debug|Any CPU.ActiveCfg = Debug|Any CPU
		{2CBC0045-0B42-48A1-89CB-4CE3D3F75ED3}.Debug|Any CPU.Build.0 = Debug|Any CPU
		{2CBC0045-0B42-48A1-89CB-4CE3D3F75ED3}.Release|Any CPU.ActiveCfg = Release|Any CPU
		{2CBC0045-0B42-48A1-89CB-4CE3D3F75ED3}.Release|Any CPU.Build.0 = Release|Any CPU
		{EC399B60-75DD-4CA4-8019-FD5014672CB4}.Debug|Any CPU.ActiveCfg = Debug|Any CPU
		{EC399B60-75DD-4CA4-8019-FD5014672CB4}.Debug|Any CPU.Build.0 = Debug|Any CPU
		{EC399B60-75DD-4CA4-8019-FD5014672CB4}.Release|Any CPU.ActiveCfg = Release|Any CPU
		{EC399B60-75DD-4CA4-8019-FD5014672CB4}.Release|Any CPU.Build.0 = Release|Any CPU
		{3A94A62D-A083-4F83-88FB-2C7813E0C3C5}.Debug|Any CPU.ActiveCfg = Debug|Any CPU
		{3A94A62D-A083-4F83-88FB-2C7813E0C3C5}.Debug|Any CPU.Build.0 = Debug|Any CPU
		{3A94A62D-A083-4F83-88FB-2C7813E0C3C5}.Release|Any CPU.ActiveCfg = Release|Any CPU
		{3A94A62D-A083-4F83-88FB-2C7813E0C3C5}.Release|Any CPU.Build.0 = Release|Any CPU
	EndGlobalSection
	GlobalSection(SolutionProperties) = preSolution
		HideSolutionNode = FALSE
	EndGlobalSection
	GlobalSection(NestedProjects) = preSolution
		{29AF4C30-9689-4BA6-8118-555262DF3665} = {02EA681E-C7D8-13C7-8484-4AC65E1B71E8}
		{AA1FCC2B-A6A2-4AD4-94CF-0DFBD455DA92} = {02EA681E-C7D8-13C7-8484-4AC65E1B71E8}
		{86CF5E15-9E6C-483E-AED9-BA610E2B0307} = {02EA681E-C7D8-13C7-8484-4AC65E1B71E8}
		{2B8CCBD4-BF62-466A-AA9F-C09B7F9077CA} = {3B538999-A6A2-4460-9E41-D214C570458E}
		{6D91CED7-EC6C-4BFA-82EA-AE1BFEE07E9D} = {3B538999-A6A2-4460-9E41-D214C570458E}
		{028A77BC-8A35-4421-8461-CD04DF3D7E18} = {3B538999-A6A2-4460-9E41-D214C570458E}
		{2426F878-CC7A-4561-8575-04BE32A11FD2} = {DD013C48-3B84-44B2-B221-DE716BF147D0}
		{EF00CB6E-AF68-4426-82EF-C341587007A0} = {DD013C48-3B84-44B2-B221-DE716BF147D0}
		{D57B5ECC-0D95-42FA-B555-B7D43AA495A3} = {DD013C48-3B84-44B2-B221-DE716BF147D0}
		{7E623386-AC7A-44D5-B0C3-90005BD4A8F9} = {2A960658-F4B8-46ED-8BD0-C3C091745917}
		{13EFC43C-D7CE-460A-8426-F70E01D1D1E7} = {2A960658-F4B8-46ED-8BD0-C3C091745917}
		{4A7571E6-939A-4447-B887-B08D41074C82} = {2A960658-F4B8-46ED-8BD0-C3C091745917}
		{CEC6C4B1-6F09-46DD-9C33-C2B9F2BFB33A} = {59007EAC-97CD-4BA1-8F24-ED5D21614033}
		{B0CB49E5-BA4C-49D5-BB95-E09CE91DC4CB} = {59007EAC-97CD-4BA1-8F24-ED5D21614033}
		{9F41A362-ADEA-4BFD-8BFF-BBBE9C0F00D1} = {59007EAC-97CD-4BA1-8F24-ED5D21614033}
		{6993127C-2934-4715-B740-7162F838C4B3} = {5E566EBF-A427-4777-898D-E860324CEB6C}
		{B2E71A90-E90F-4324-8B2D-70589F6F5692} = {5E566EBF-A427-4777-898D-E860324CEB6C}
		{7884468E-CC0A-4377-A828-A5812CBF47F0} = {5E566EBF-A427-4777-898D-E860324CEB6C}
		{35951D9E-B659-4827-A3F6-51CD8BD2B3B3} = {14F74AED-DCE6-47D6-880E-3D5F4B18D40B}
		{F5CCED08-0A04-4A02-9A98-D44DF05D0024} = {14F74AED-DCE6-47D6-880E-3D5F4B18D40B}
		{BC74E045-F338-4098-AD3B-C7C98B9920D2} = {14F74AED-DCE6-47D6-880E-3D5F4B18D40B}
		{2CBC0045-0B42-48A1-89CB-4CE3D3F75ED3} = {9C1A3D54-702B-455D-8FA8-C594688C5F6A}
		{EC399B60-75DD-4CA4-8019-FD5014672CB4} = {9C1A3D54-702B-455D-8FA8-C594688C5F6A}
		{3A94A62D-A083-4F83-88FB-2C7813E0C3C5} = {9C1A3D54-702B-455D-8FA8-C594688C5F6A}
	EndGlobalSection
	GlobalSection(ExtensibilityGlobals) = postSolution
		SolutionGuid = {18949D64-D33E-4A6C-A04A-D09BED27E556}
	EndGlobalSection
EndGlobal
