
Microsoft Visual Studio Solution File, Format Version 12.00
# Visual Studio Version 17
VisualStudioVersion = 17.14.36429.23 d17.14
MinimumVisualStudioVersion = 10.0.40219.1
Project("{2150E333-8FDC-42A3-9474-1A3956D46DE8}") = "Task0", "Task0", "{02EA681E-C7D8-13C7-8484-4AC65E1B71E8}"
EndProject
Project("{FAE04EC0-301F-11D3-BF4B-00C04F79EFBC}") = "Tiuiu.UsoltsevGP.Sprint3.Task0.V7", "Tiuiu.UsoltsevGP.Sprint3.Task0.V7\Tiuiu.UsoltsevGP.Sprint3.Task0.V7.csproj", "{29AF4C30-9689-4BA6-8118-555262DF3665}"
EndProject
Project("{FAE04EC0-301F-11D3-BF4B-00C04F79EFBC}") = "Tiuiu.UsoltsevGP.Sprint3.Task0.V7.Lib", "Tiuiu.UsoltsevGP.Sprint3.Task0.V7.Lib\Tiuiu.UsoltsevGP.Sprint3.Task0.V7.Lib.csproj", "{AA1FCC2B-A6A2-4AD4-94CF-0DFBD455DA92}"
EndProject
Project("{FAE04EC0-301F-11D3-BF4B-00C04F79EFBC}") = "Tiuiu.UsoltsevGP.Sprint3.Task0.V7.Test", "Tiuiu.UsoltsevGP.Sprint3.Task0.V7.Test\Tiuiu.UsoltsevGP.Sprint3.Task0.V7.Test.csproj", "{86CF5E15-9E6C-483E-AED9-BA610E2B0307}"
EndProject
Project("{2150E333-8FDC-42A3-9474-1A3956D46DE8}") = "Task1", "Task1", "{3B538999-A6A2-4460-9E41-D214C570458E}"
EndProject
Project("{FAE04EC0-301F-11D3-BF4B-00C04F79EFBC}") = "Tiuiu.UsoltsevGP.Sprint3.Task1.V24", "Tiuiu.UsoltsevGP.Sprint3.Task1.V24\Tiuiu.UsoltsevGP.Sprint3.Task1.V24.csproj", "{2B8CCBD4-BF62-466A-AA9F-C09B7F9077CA}"
EndProject
Project("{FAE04EC0-301F-11D3-BF4B-00C04F79EFBC}") = "Tiuiu.UsoltsevGP.Sprint3.Task1.V24.Lib", "Tiuiu.UsoltsevGP.Sprint3.Task1.V24.Lib\Tiuiu.UsoltsevGP.Sprint3.Task1.V24.Lib.csproj", "{6D91CED7-EC6C-4BFA-82EA-AE1BFEE07E9D}"
EndProject
Project("{FAE04EC0-301F-11D3-BF4B-00C04F79EFBC}") = "Tiuiu.UsoltsevGP.Sprint3.Task1.V24.Test", "Tiuiu.UsoltsevGP.Sprint3.Task1.V24.Test\Tiuiu.UsoltsevGP.Sprint3.Task1.V24.Test.csproj", "{028A77BC-8A35-4421-8461-CD04DF3D7E18}"
EndProject
Project("{2150E333-8FDC-42A3-9474-1A3956D46DE8}") = "Task2", "Task2", "{DD013C48-3B84-44B2-B221-DE716BF147D0}"
EndProject
Project("{FAE04EC0-301F-11D3-BF4B-00C04F79EFBC}") = "Tiuiu.UsoltsevGP.Sprint3.Task2.V29", "Tiuiu.UsoltsevGP.Sprint3.Task2.V29\Tiuiu.UsoltsevGP.Sprint3.Task2.V29.csproj", "{2426F878-CC7A-4561-8575-04BE32A11FD2}"
EndProject
Project("{FAE04EC0-301F-11D3-BF4B-00C04F79EFBC}") = "Tiuiu.UsoltsevGP.Sprint3.Task2.V29.Lib", "Tiuiu.UsoltsevGP.Sprint3.Task2.V29.Lib\Tiuiu.UsoltsevGP.Sprint3.Task2.V29.Lib.csproj", "{EF00CB6E-AF68-4426-82EF-C341587007A0}"
EndProject
Project("{FAE04EC0-301F-11D3-BF4B-00C04F79EFBC}") = "Tiuiu.UsoltsevGP.Sprint3.Task2.V29.Test", "Tiuiu.UsoltsevGP.Sprint3.Task2.V29.Test\Tiuiu.UsoltsevGP.Sprint3.Task2.V29.Test.csproj", "{D57B5ECC-0D95-42FA-B555-B7D43AA495A3}"
EndProject
Project("{2150E333-8FDC-42A3-9474-1A3956D46DE8}") = "Task3", "Task3", "{2A960658-F4B8-46ED-8BD0-C3C091745917}"
EndProject
Project("{FAE04EC0-301F-11D3-BF4B-00C04F79EFBC}") = "Tiuiu.UsoltsevGP.Sprint3.Task3.V19", "Tiuiu.UsoltsevGP.Sprint3.Task3.V19\Tiuiu.UsoltsevGP.Sprint3.Task3.V19.csproj", "{7E623386-AC7A-44D5-B0C3-90005BD4A8F9}"
EndProject
Project("{FAE04EC0-301F-11D3-BF4B-00C04F79EFBC}") = "Tiuiu.UsoltsevGP.Sprint3.Task3.V19.Lib", "Tiuiu.UsoltsevGP.Sprint3.Task3.V19.Lib\Tiuiu.UsoltsevGP.Sprint3.Task3.V19.Lib.csproj", "{13EFC43C-D7CE-460A-8426-F70E01D1D1E7}"
EndProject
Project("{FAE04EC0-301F-11D3-BF4B-00C04F79EFBC}") = "Tiuiu.UsoltsevGP.Sprint3.Task3.V19.Test", "Tiuiu.UsoltsevGP.Sprint3.Task3.V19.Test\Tiuiu.UsoltsevGP.Sprint3.Task3.V19.Test.csproj", "{4A7571E6-939A-4447-B887-B08D41074C82}"
EndProject
Project("{2150E333-8FDC-42A3-9474-1A3956D46DE8}") = "Task4", "Task4", "{59007EAC-97CD-4BA1-8F24-ED5D21614033}"
EndProject
Project("{FAE04EC0-301F-11D3-BF4B-00C04F79EFBC}") = "Tiuiu.UsoltsevGP.Sprint3.Task4.V12", "Tiuiu.UsoltsevGP.Sprint3.Task4.V12\Tiuiu.UsoltsevGP.Sprint3.Task4.V12.csproj", "{CEC6C4B1-6F09-46DD-9C33-C2B9F2BFB33A}"
EndProject
Project("{FAE04EC0-301F-11D3-BF4B-00C04F79EFBC}") = "Tiuiu.UsoltsevGP.Sprint3.Task4.V12.Lib", "Tiuiu.UsoltsevGP.Sprint3.Task4.V12.Lib\Tiuiu.UsoltsevGP.Sprint3.Task4.V12.Lib.csproj", "{B0CB49E5-BA4C-49D5-BB95-E09CE91DC4CB}"
EndProject
Project("{FAE04EC0-301F-11D3-BF4B-00C04F79EFBC}") = "Tiuiu.UsoltsevGP.Sprint3.Task4.V12.Test", "Tiuiu.UsoltsevGP.Sprint3.Task4.V12.Test\Tiuiu.UsoltsevGP.Sprint3.Task4.V12.Test.csproj", "{9F41A362-ADEA-4BFD-8BFF-BBBE9C0F00D1}"
EndProject
Global
	GlobalSection(SolutionConfigurationPlatforms) = preSolution
		Debug|Any CPU = Debug|Any CPU
		Release|Any CPU = Release|Any CPU
	EndGlobalSection
	GlobalSection(ProjectConfigurationPlatforms) = postSolution
		{29AF4C30-9689-4BA6-8118-555262DF3665}.Debug|Any CPU.ActiveCfg = Debug|Any CPU
		{29AF4C30-9689-4BA6-8118-555262DF3665}.Debug|Any CPU.Build.0 = Debug|Any CPU
		{29AF4C30-9689-4BA6-8118-555262DF3665}.Release|Any CPU.ActiveCfg = Release|Any CPU
		{29AF4C30-9689-4BA6-8118-555262DF3665}.Release|Any CPU.Build.0 = Release|Any CPU
		{AA1FCC2B-A6A2-4AD4-94CF-0DFBD455DA92}.Debug|Any CPU.ActiveCfg = Debug|Any CPU
		{AA1FCC2B-A6A2-4AD4-94CF-0DFBD455DA92}.Debug|Any CPU.Build.0 = Debug|Any CPU
		{AA1FCC2B-A6A2-4AD4-94CF-0DFBD455DA92}.Release|Any CPU.ActiveCfg = Release|Any CPU
		{AA1FCC2B-A6A2-4AD4-94CF-0DFBD455DA92}.Release|Any CPU.Build.0 = Release|Any CPU
		{86CF5E15-9E6C-483E-AED9-BA610E2B0307}.Debug|Any CPU.ActiveCfg = Debug|Any CPU
		{86CF5E15-9E6C-483E-AED9-BA610E2B0307}.Debug|Any CPU.Build.0 = Debug|Any CPU
		{86CF5E15-9E6C-483E-AED9-BA610E2B0307}.Release|Any CPU.ActiveCfg = Release|Any CPU
		{86CF5E15-9E6C-483E-AED9-BA610E2B0307}.Release|Any CPU.Build.0 = Release|Any CPU
		{2B8CCBD4-BF62-466A-AA9F-C09B7F9077CA}.Debug|Any CPU.ActiveCfg = Debug|Any CPU
		{2B8CCBD4-BF62-466A-AA9F-C09B7F9077CA}.Debug|Any CPU.Build.0 = Debug|Any CPU
		{2B8CCBD4-BF62-466A-AA9F-C09B7F9077CA}.Release|Any CPU.ActiveCfg = Release|Any CPU
		{2B8CCBD4-BF62-466A-AA9F-C09B7F9077CA}.Release|Any CPU.Build.0 = Release|Any CPU
		{6D91CED7-EC6C-4BFA-82EA-AE1BFEE07E9D}.Debug|Any CPU.ActiveCfg = Debug|Any CPU
		{6D91CED7-EC6C-4BFA-82EA-AE1BFEE07E9D}.Debug|Any CPU.Build.0 = Debug|Any CPU
		{6D91CED7-EC6C-4BFA-82EA-AE1BFEE07E9D}.Release|Any CPU.ActiveCfg = Release|Any CPU
		{6D91CED7-EC6C-4BFA-82EA-AE1BFEE07E9D}.Release|Any CPU.Build.0 = Release|Any CPU
		{028A77BC-8A35-4421-8461-CD04DF3D7E18}.Debug|Any CPU.ActiveCfg = Debug|Any CPU
		{028A77BC-8A35-4421-8461-CD04DF3D7E18}.Debug|Any CPU.Build.0 = Debug|Any CPU
		{028A77BC-8A35-4421-8461-CD04DF3D7E18}.Release|Any CPU.ActiveCfg = Release|Any CPU
		{028A77BC-8A35-4421-8461-CD04DF3D7E18}.Release|Any CPU.Build.0 = Release|Any CPU
		{2426F878-CC7A-4561-8575-04BE32A11FD2}.Debug|Any CPU.ActiveCfg = Debug|Any CPU
		{2426F878-CC7A-4561-8575-04BE32A11FD2}.Debug|Any CPU.Build.0 = Debug|Any CPU
		{2426F878-CC7A-4561-8575-04BE32A11FD2}.Release|Any CPU.ActiveCfg = Release|Any CPU
		{2426F878-CC7A-4561-8575-04BE32A11FD2}.Release|Any CPU.Build.0 = Release|Any CPU
		{EF00CB6E-AF68-4426-82EF-C341587007A0}.Debug|Any CPU.ActiveCfg = Debug|Any CPU
		{EF00CB6E-AF68-4426-82EF-C341587007A0}.Debug|Any CPU.Build.0 = Debug|Any CPU
		{EF00CB6E-AF68-4426-82EF-C341587007A0}.Release|Any CPU.ActiveCfg = Release|Any CPU
		{EF00CB6E-AF68-4426-82EF-C341587007A0}.Release|Any CPU.Build.0 = Release|Any CPU
		{D57B5ECC-0D95-42FA-B555-B7D43AA495A3}.Debug|Any CPU.ActiveCfg = Debug|Any CPU
		{D57B5ECC-0D95-42FA-B555-B7D43AA495A3}.Debug|Any CPU.Build.0 = Debug|Any CPU
		{D57B5ECC-0D95-42FA-B555-B7D43AA495A3}.Release|Any CPU.ActiveCfg = Release|Any CPU
		{D57B5ECC-0D95-42FA-B555-B7D43AA495A3}.Release|Any CPU.Build.0 = Release|Any CPU
		{7E623386-AC7A-44D5-B0C3-90005BD4A8F9}.Debug|Any CPU.ActiveCfg = Debug|Any CPU
		{7E623386-AC7A-44D5-B0C3-90005BD4A8F9}.Debug|Any CPU.Build.0 = Debug|Any CPU
		{7E623386-AC7A-44D5-B0C3-90005BD4A8F9}.Release|Any CPU.ActiveCfg = Release|Any CPU
		{7E623386-AC7A-44D5-B0C3-90005BD4A8F9}.Release|Any CPU.Build.0 = Release|Any CPU
		{13EFC43C-D7CE-460A-8426-F70E01D1D1E7}.Debug|Any CPU.ActiveCfg = Debug|Any CPU
		{13EFC43C-D7CE-460A-8426-F70E01D1D1E7}.Debug|Any CPU.Build.0 = Debug|Any CPU
		{13EFC43C-D7CE-460A-8426-F70E01D1D1E7}.Release|Any CPU.ActiveCfg = Release|Any CPU
		{13EFC43C-D7CE-460A-8426-F70E01D1D1E7}.Release|Any CPU.Build.0 = Release|Any CPU
		{4A7571E6-939A-4447-B887-B08D41074C82}.Debug|Any CPU.ActiveCfg = Debug|Any CPU
		{4A7571E6-939A-4447-B887-B08D41074C82}.Debug|Any CPU.Build.0 = Debug|Any CPU
		{4A7571E6-939A-4447-B887-B08D41074C82}.Release|Any CPU.ActiveCfg = Release|Any CPU
		{4A7571E6-939A-4447-B887-B08D41074C82}.Release|Any CPU.Build.0 = Release|Any CPU
		{CEC6C4B1-6F09-46DD-9C33-C2B9F2BFB33A}.Debug|Any CPU.ActiveCfg = Debug|Any CPU
		{CEC6C4B1-6F09-46DD-9C33-C2B9F2BFB33A}.Debug|Any CPU.Build.0 = Debug|Any CPU
		{CEC6C4B1-6F09-46DD-9C33-C2B9F2BFB33A}.Release|Any CPU.ActiveCfg = Release|Any CPU
		{CEC6C4B1-6F09-46DD-9C33-C2B9F2BFB33A}.Release|Any CPU.Build.0 = Release|Any CPU
		{B0CB49E5-BA4C-49D5-BB95-E09CE91DC4CB}.Debug|Any CPU.ActiveCfg = Debug|Any CPU
		{B0CB49E5-BA4C-49D5-BB95-E09CE91DC4CB}.Debug|Any CPU.Build.0 = Debug|Any CPU
		{B0CB49E5-BA4C-49D5-BB95-E09CE91DC4CB}.Release|Any CPU.ActiveCfg = Release|Any CPU
		{B0CB49E5-BA4C-49D5-BB95-E09CE91DC4CB}.Release|Any CPU.Build.0 = Release|Any CPU
		{9F41A362-ADEA-4BFD-8BFF-BBBE9C0F00D1}.Debug|Any CPU.ActiveCfg = Debug|Any CPU
		{9F41A362-ADEA-4BFD-8BFF-BBBE9C0F00D1}.Debug|Any CPU.Build.0 = Debug|Any CPU
		{9F41A362-ADEA-4BFD-8BFF-BBBE9C0F00D1}.Release|Any CPU.ActiveCfg = Release|Any CPU
		{9F41A362-ADEA-4BFD-8BFF-BBBE9C0F00D1}.Release|Any CPU.Build.0 = Release|Any CPU
	EndGlobalSection
	GlobalSection(SolutionProperties) = preSolution
		HideSolutionNode = FALSE
	EndGlobalSection
	GlobalSection(NestedProjects) = preSolution
		{29AF4C30-9689-4BA6-8118-555262DF3665} = {02EA681E-C7D8-13C7-8484-4AC65E1B71E8}
		{AA1FCC2B-A6A2-4AD4-94CF-0DFBD455DA92} = {02EA681E-C7D8-13C7-8484-4AC65E1B71E8}
		{86CF5E15-9E6C-483E-AED9-BA610E2B0307} = {02EA681E-C7D8-13C7-8484-4AC65E1B71E8}
		{2B8CCBD4-BF62-466A-AA9F-C09B7F9077CA} = {3B538999-A6A2-4460-9E41-D214C570458E}
		{6D91CED7-EC6C-4BFA-82EA-AE1BFEE07E9D} = {3B538999-A6A2-4460-9E41-D214C570458E}
		{028A77BC-8A35-4421-8461-CD04DF3D7E18} = {3B538999-A6A2-4460-9E41-D214C570458E}
		{2426F878-CC7A-4561-8575-04BE32A11FD2} = {DD013C48-3B84-44B2-B221-DE716BF147D0}
		{EF00CB6E-AF68-4426-82EF-C341587007A0} = {DD013C48-3B84-44B2-B221-DE716BF147D0}
		{D57B5ECC-0D95-42FA-B555-B7D43AA495A3} = {DD013C48-3B84-44B2-B221-DE716BF147D0}
		{7E623386-AC7A-44D5-B0C3-90005BD4A8F9} = {2A960658-F4B8-46ED-8BD0-C3C091745917}
		{13EFC43C-D7CE-460A-8426-F70E01D1D1E7} = {2A960658-F4B8-46ED-8BD0-C3C091745917}
		{4A7571E6-939A-4447-B887-B08D41074C82} = {2A960658-F4B8-46ED-8BD0-C3C091745917}
		{CEC6C4B1-6F09-46DD-9C33-C2B9F2BFB33A} = {59007EAC-97CD-4BA1-8F24-ED5D21614033}
		{B0CB49E5-BA4C-49D5-BB95-E09CE91DC4CB} = {59007EAC-97CD-4BA1-8F24-ED5D21614033}
		{9F41A362-ADEA-4BFD-8BFF-BBBE9C0F00D1} = {59007EAC-97CD-4BA1-8F24-ED5D21614033}
	EndGlobalSection
	GlobalSection(ExtensibilityGlobals) = postSolution
		SolutionGuid = {18949D64-D33E-4A6C-A04A-D09BED27E556}
	EndGlobalSection
EndGlobal
