
Microsoft Visual Studio Solution File, Format Version 12.00
# Visual Studio Version 17
VisualStudioVersion = 17.14.36429.23 d17.14
MinimumVisualStudioVersion = 10.0.40219.1
Project("{2150E333-8FDC-42A3-9474-1A3956D46DE8}") = "Task0", "Task0", "{02EA681E-C7D8-13C7-8484-4AC65E1B71E8}"
EndProject
Project("{FAE04EC0-301F-11D3-BF4B-00C04F79EFBC}") = "Tiuiu.UsoltsevGP.Sprint3.Task0.V7", "Tiuiu.UsoltsevGP.Sprint3.Task0.V7\Tiuiu.UsoltsevGP.Sprint3.Task0.V7.csproj", "{29AF4C30-9689-4BA6-8118-555262DF3665}"
EndProject
Project("{FAE04EC0-301F-11D3-BF4B-00C04F79EFBC}") = "Tiuiu.UsoltsevGP.Sprint3.Task0.V7.Lib", "Tiuiu.UsoltsevGP.Sprint3.Task0.V7.Lib\Tiuiu.UsoltsevGP.Sprint3.Task0.V7.Lib.csproj", "{AA1FCC2B-A6A2-4AD4-94CF-0DFBD455DA92}"
EndProject
Project("{FAE04EC0-301F-11D3-BF4B-00C04F79EFBC}") = "Tiuiu.UsoltsevGP.Sprint3.Task0.V7.Test", "Tiuiu.UsoltsevGP.Sprint3.Task0.V7.Test\Tiuiu.UsoltsevGP.Sprint3.Task0.V7.Test.csproj", "{86CF5E15-9E6C-483E-AED9-BA610E2B0307}"
EndProject
Global
	GlobalSection(SolutionConfigurationPlatforms) = preSolution
		Debug|Any CPU = Debug|Any CPU
		Release|Any CPU = Release|Any CPU
	EndGlobalSection
	GlobalSection(ProjectConfigurationPlatforms) = postSolution
		{29AF4C30-9689-4BA6-8118-555262DF3665}.Debug|Any CPU.ActiveCfg = Debug|Any CPU
		{29AF4C30-9689-4BA6-8118-555262DF3665}.Debug|Any CPU.Build.0 = Debug|Any CPU
		{29AF4C30-9689-4BA6-8118-555262DF3665}.Release|Any CPU.ActiveCfg = Release|Any CPU
		{29AF4C30-9689-4BA6-8118-555262DF3665}.Release|Any CPU.Build.0 = Release|Any CPU
		{AA1FCC2B-A6A2-4AD4-94CF-0DFBD455DA92}.Debug|Any CPU.ActiveCfg = Debug|Any CPU
		{AA1FCC2B-A6A2-4AD4-94CF-0DFBD455DA92}.Debug|Any CPU.Build.0 = Debug|Any CPU
		{AA1FCC2B-A6A2-4AD4-94CF-0DFBD455DA92}.Release|Any CPU.ActiveCfg = Release|Any CPU
		{AA1FCC2B-A6A2-4AD4-94CF-0DFBD455DA92}.Release|Any CPU.Build.0 = Release|Any CPU
		{86CF5E15-9E6C-483E-AED9-BA610E2B0307}.Debug|Any CPU.ActiveCfg = Debug|Any CPU
		{86CF5E15-9E6C-483E-AED9-BA610E2B0307}.Debug|Any CPU.Build.0 = Debug|Any CPU
		{86CF5E15-9E6C-483E-AED9-BA610E2B0307}.Release|Any CPU.ActiveCfg = Release|Any CPU
		{86CF5E15-9E6C-483E-AED9-BA610E2B0307}.Release|Any CPU.Build.0 = Release|Any CPU
	EndGlobalSection
	GlobalSection(SolutionProperties) = preSolution
		HideSolutionNode = FALSE
	EndGlobalSection
	GlobalSection(NestedProjects) = preSolution
		{29AF4C30-9689-4BA6-8118-555262DF3665} = {02EA681E-C7D8-13C7-8484-4AC65E1B71E8}
		{AA1FCC2B-A6A2-4AD4-94CF-0DFBD455DA92} = {02EA681E-C7D8-13C7-8484-4AC65E1B71E8}
		{86CF5E15-9E6C-483E-AED9-BA610E2B0307} = {02EA681E-C7D8-13C7-8484-4AC65E1B71E8}
	EndGlobalSection
	GlobalSection(ExtensibilityGlobals) = postSolution
		SolutionGuid = {18949D64-D33E-4A6C-A04A-D09BED27E556}
	EndGlobalSection
EndGlobal
